github.com/coregx/ahocorasick v0.3.1 h1:1kG0szrBH+HBUaG6bRm2TWdJ+x6yJivmBsv6dfzk7ss=
github.com/coregx/ahocorasick v0.3.1/go.mod h1:SDcS9KTiwLP8FHNpYSO3Q3mRqrK8SYJAYpygrhcIils=
github.com/coregx/coregex v0.12.28-0.20261009094141-1edf53dff9f3 h1:QFQ9pui1Y6QFnsYi3b12NaotzBj6+YMaDN0wGAx4qPY=
github.com/coregx/coregex v0.12.28-0.20261009094141-1edf53dff9f3/go.mod h1:NoNLGw2x6oaJzZwNYzMgyWDkRpQHLbG3K31P2bFMQkA=
golang.org/x/sys v0.47.0 h1:o7XGOvZQCADBQQ4Y7VNq2dRWQR7JmOUW8Kxx4ZsNgWs=
golang.org/x/sys v0.47.0/go.mod h1:4GL1E5IUh+htKOUEOaiffhrAeqysfVGipDYzABqnCmw=
