github.com/coregx/ahocorasick v0.3.0 h1:zKln33RykAkG9/eYh/trl85R6x1YChfEtrDQ3NADMsk=
github.com/coregx/ahocorasick v0.3.0/go.mod h1:SDcS9KTiwLP8FHNpYSO3Q3mRqrK8SYJAYpygrhcIils=
github.com/coregx/coregex v0.12.24-0.20260821104205-2f9f216569cd h1:psS/w6wwdfmA7cJVo/X83NvKQURwzU1o4hEJ6CoCCbk=
github.com/coregx/coregex v0.12.24-0.20260821104205-2f9f216569cd/go.mod h1:dcs7yrm0u38xQlkbiJCY1VCrJzeYZxqONEXpUgdHUt8=
golang.org/x/sys v0.40.0 h1:DBZZqJ2Rkml6QMQsZywtnjnnGvHza6BTfYFWY9kjEWQ=
golang.org/x/sys v0.40.0/go.mod h1:OgkHotnGiDImocRcuBABYBEXf8A9a87e/uXjp9XT3ks=
